<?xml version="1.0" encoding="utf-8"?>
<Project xmlns="http://schemas.microsoft.com/developer/msbuild/2003">
  <ItemGroup>
    <Filter Include="Generated Files">
      <UniqueIdentifier>{71ED8ED8-ACB9-4CE9-BBE1-E00B30144E11}</UniqueIdentifier>
      <Extensions>cpp;c;cxx;moc;h;def;odl;idl;res;</Extensions>
    </Filter>
    <Filter Include="Generated Files">
      <UniqueIdentifier>{71ED8ED8-ACB9-4CE9-BBE1-E00B30144E11}</UniqueIdentifier>
      <Extensions>cpp;c;cxx;moc;h;def;odl;idl;res;</Extensions>
    </Filter>
    <Filter Include="Header Files">
      <UniqueIdentifier>{93995380-89BD-4b04-88EB-625FBE52EBFB}</UniqueIdentifier>
      <Extensions>h;hpp;hxx;hm;inl;inc;xsd</Extensions>
    </Filter>
    <Filter Include="Header Files">
      <UniqueIdentifier>{93995380-89BD-4b04-88EB-625FBE52EBFB}</UniqueIdentifier>
      <Extensions>h;hpp;hxx;hm;inl;inc;xsd</Extensions>
    </Filter>
    <Filter Include="Source Files">
      <UniqueIdentifier>{4FC737F1-C7A5-4376-A066-2A32D752A2FF}</UniqueIdentifier>
      <Extensions>cpp;c;cxx;def;odl;idl;hpj;bat;asm;asmx</Extensions>
    </Filter>
    <Filter Include="Source Files">
      <UniqueIdentifier>{4FC737F1-C7A5-4376-A066-2A32D752A2FF}</UniqueIdentifier>
      <Extensions>cpp;c;cxx;def;odl;idl;hpj;bat;asm;asmx</Extensions>
    </Filter>
  </ItemGroup>
  <ItemGroup>
    <ClCompile Include="CAttribute.cpp">
      <Filter>Source Files</Filter>
    </ClCompile>
    <ClCompile Include="CControlPoint.cpp">
      <Filter>Source Files</Filter>
    </ClCompile>
    <ClCompile Include="CDiffUndoManager.cpp">
      <Filter>Source Files</Filter>
    </ClCompile>
    <ClCompile Include="CDirectEdge.cpp">
      <Filter>Source Files</Filter>
    </ClCompile>
    <ClCompile Include="CEdge.cpp">
      <Filter>Source Files</Filter>
    </ClCompile>
    <ClCompile Include="CEditorScene.cpp">
      <Filter>Source Files</Filter>
    </ClCompile>
    <ClCompile Include="CEditorSceneActions.cpp">
      <Filter>Source Files</Filter>
    </ClCompile>
    <ClCompile Include="CEditorScene_p.cpp">
      <Filter>Source Files</Filter>
    </ClCompile>
    <ClCompile Include="CEditorView.cpp">
      <Filter>Source Files</Filter>
    </ClCompile>
    <ClCompile Include="CFileSerializerCSV.cpp">
      <Filter>Source Files</Filter>
    </ClCompile>
    <ClCompile Include="CFileSerializerDOT.cpp">
      <Filter>Source Files</Filter>
    </ClCompile>
    <ClCompile Include="CFileSerializerGEXF.cpp">
      <Filter>Source Files</Filter>
    </ClCompile>
    <ClCompile Include="CFileSerializerGraphML.cpp">
      <Filter>Source Files</Filter>
    </ClCompile>
    <ClCompile Include="CFileSerializerPlainDOT.cpp">
      <Filter>Source Files</Filter>
    </ClCompile>
    <ClCompile Include="CFileSerializerXGR.cpp">
      <Filter>Source Files</Filter>
    </ClCompile>
    <ClCompile Include="CGraphInterface.cpp">
      <Filter>Source Files</Filter>
    </ClCompile>
    <ClCompile Include="CImageExport.cpp">
      <Filter>Source Files</Filter>
    </ClCompile>
    <ClCompile Include="CItem.cpp">
      <Filter>Source Files</Filter>
    </ClCompile>
    <ClCompile Include="CNode.cpp">
      <Filter>Source Files</Filter>
    </ClCompile>
    <ClCompile Include="CNodeEditorScene.cpp">
      <Filter>Source Files</Filter>
    </ClCompile>
    <ClCompile Include="CNodePort.cpp">
      <Filter>Source Files</Filter>
    </ClCompile>
    <ClCompile Include="CNodeSceneActions.cpp">
      <Filter>Source Files</Filter>
    </ClCompile>
    <ClCompile Include="CPDFExport.cpp">
      <Filter>Source Files</Filter>
    </ClCompile>
    <ClCompile Include="CPolyEdge.cpp">
      <Filter>Source Files</Filter>
    </ClCompile>
    <ClCompile Include="CSVGExport.cpp">
      <Filter>Source Files</Filter>
    </ClCompile>
    <ClCompile Include="CSimpleUndoManager.cpp">
      <Filter>Source Files</Filter>
    </ClCompile>
    <ClCompile Include="CTextLabelEdit.cpp">
      <Filter>Source Files</Filter>
    </ClCompile>
    <ClCompile Include="CTransformRect.cpp">
      <Filter>Source Files</Filter>
    </ClCompile>
    <ClCompile Include="CUtils.cpp">
      <Filter>Source Files</Filter>
    </ClCompile>
  </ItemGroup>
  <ItemGroup>
    <ClInclude Include="CAttribute.h">
      <Filter>Header Files</Filter>
    </ClInclude>
    <QtMoc Include="CControlPoint.h">
      <Filter>Header Files</Filter>
    </QtMoc>
    <ClInclude Include="CDiffUndoManager.h">
      <Filter>Header Files</Filter>
    </ClInclude>
    <ClInclude Include="CDirectEdge.h">
      <Filter>Header Files</Filter>
    </ClInclude>
    <ClInclude Include="CEdge.h">
      <Filter>Header Files</Filter>
    </ClInclude>
    <QtMoc Include="CEditorScene.h">
      <Filter>Header Files</Filter>
    </QtMoc>
    <ClInclude Include="CEditorSceneActions.h">
      <Filter>Header Files</Filter>
    </ClInclude>
    <ClInclude Include="CEditorSceneDefines.h">
      <Filter>Header Files</Filter>
    </ClInclude>
    <ClInclude Include="CEditorScene_p.h">
      <Filter>Header Files</Filter>
    </ClInclude>
    <QtMoc Include="CEditorView.h">
      <Filter>Header Files</Filter>
    </QtMoc>
    <ClInclude Include="CFileSerializerCSV.h">
      <Filter>Header Files</Filter>
    </ClInclude>
    <ClInclude Include="CFileSerializerDOT.h">
      <Filter>Header Files</Filter>
    </ClInclude>
    <ClInclude Include="CFileSerializerGEXF.h">
      <Filter>Header Files</Filter>
    </ClInclude>
    <ClInclude Include="CFileSerializerGraphML.h">
      <Filter>Header Files</Filter>
    </ClInclude>
    <ClInclude Include="CFileSerializerPlainDOT.h">
      <Filter>Header Files</Filter>
    </ClInclude>
    <ClInclude Include="CFileSerializerXGR.h">
      <Filter>Header Files</Filter>
    </ClInclude>
    <ClInclude Include="CGraphInterface.h">
      <Filter>Header Files</Filter>
    </ClInclude>
    <ClInclude Include="CImageExport.h">
      <Filter>Header Files</Filter>
    </ClInclude>
    <ClInclude Include="CItem.h">
      <Filter>Header Files</Filter>
    </ClInclude>
    <ClInclude Include="CNode.h">
      <Filter>Header Files</Filter>
    </ClInclude>
    <QtMoc Include="CNodeEditorScene.h">
      <Filter>Header Files</Filter>
    </QtMoc>
    <ClInclude Include="CNodePort.h">
      <Filter>Header Files</Filter>
    </ClInclude>
    <QtMoc Include="CNodeSceneActions.h">
      <Filter>Header Files</Filter>
    </QtMoc>
    <ClInclude Include="CPDFExport.h">
      <Filter>Header Files</Filter>
    </ClInclude>
    <ClInclude Include="CPolyEdge.h">
      <Filter>Header Files</Filter>
    </ClInclude>
    <ClInclude Include="CSVGExport.h">
      <Filter>Header Files</Filter>
    </ClInclude>
    <ClInclude Include="CSimpleUndoManager.h">
      <Filter>Header Files</Filter>
    </ClInclude>
    <QtMoc Include="CTextLabelEdit.h">
      <Filter>Header Files</Filter>
    </QtMoc>
    <QtMoc Include="CTransformRect.h">
      <Filter>Header Files</Filter>
    </QtMoc>
    <ClInclude Include="CUtils.h">
      <Filter>Header Files</Filter>
    </ClInclude>
    <ClInclude Include="IContextMenuProvider.h">
      <Filter>Header Files</Filter>
    </ClInclude>
    <ClInclude Include="IFileExport.h">
      <Filter>Header Files</Filter>
    </ClInclude>
    <ClInclude Include="IFileSerializer.h">
      <Filter>Header Files</Filter>
    </ClInclude>
    <ClInclude Include="IGraphInterface.h">
      <Filter>Header Files</Filter>
    </ClInclude>
    <ClInclude Include="IInteractive.h">
      <Filter>Header Files</Filter>
    </ClInclude>
    <ClInclude Include="ISceneEditController.h">
      <Filter>Header Files</Filter>
    </ClInclude>
    <ClInclude Include="ISceneItemFactory.h">
      <Filter>Header Files</Filter>
    </ClInclude>
    <ClInclude Include="ISceneMenuController.h">
      <Filter>Header Files</Filter>
    </ClInclude>
    <ClInclude Include="IUndoManager.h">
      <Filter>Header Files</Filter>
    </ClInclude>
    <ClInclude Include="Properties.h">
      <Filter>Header Files</Filter>
    </ClInclude>
  </ItemGroup>
  <ItemGroup>
    
    
    
    
    
    
    
    
    
    
    
    
    
    
    <CustomBuild Include="debug\moc_predefs.h.cbt">
      <Filter>Generated Files</Filter>
    </CustomBuild>
    <CustomBuild Include="release\moc_predefs.h.cbt">
      <Filter>Generated Files</Filter>
    </CustomBuild>
  </ItemGroup>
</Project>