<?xml version="1.0" encoding="utf-8"?>
<Project ToolsVersion="4.0" xmlns="http://schemas.microsoft.com/developer/msbuild/2003">
  <ItemGroup>
    <CustomBuild Include="debug\moc_predefs.h.cbt" />
    <CustomBuild Include="release\moc_predefs.h.cbt" />
  </ItemGroup>
  <ItemGroup>
    <None Include="ClassDiagram.cd" />
  </ItemGroup>
  <ItemGroup>
    <Filter Include="Header Files">
      <UniqueIdentifier>{e81345d7-6da8-4746-bb7c-9e14903bd430}</UniqueIdentifier>
    </Filter>
    <Filter Include="Header Files\Source Files">
      <UniqueIdentifier>{93f9672b-d8f3-4139-9c5d-a83f322f1132}</UniqueIdentifier>
    </Filter>
  </ItemGroup>
  <ItemGroup>
    <ClInclude Include="CAttribute.h">
      <Filter>Header Files</Filter>
    </ClInclude>
    <ClInclude Include="CDiffUndoManager.h">
      <Filter>Header Files</Filter>
    </ClInclude>
    <ClInclude Include="CDirectEdge.h">
      <Filter>Header Files</Filter>
    </ClInclude>
    <ClInclude Include="CEdge.h">
      <Filter>Header Files</Filter>
    </ClInclude>
    <ClInclude Include="CEditorScene_p.h">
      <Filter>Header Files</Filter>
    </ClInclude>
    <ClInclude Include="CEditorSceneActions.h">
      <Filter>Header Files</Filter>
    </ClInclude>
    <ClInclude Include="CEditorSceneDefines.h">
      <Filter>Header Files</Filter>
    </ClInclude>
    <ClInclude Include="CFileSerializerCSV.h">
      <Filter>Header Files</Filter>
    </ClInclude>
    <ClInclude Include="CFileSerializerDOT.h">
      <Filter>Header Files</Filter>
    </ClInclude>
    <ClInclude Include="CFileSerializerGEXF.h">
      <Filter>Header Files</Filter>
    </ClInclude>
    <ClInclude Include="CFileSerializerGraphML.h">
      <Filter>Header Files</Filter>
    </ClInclude>
    <ClInclude Include="CFileSerializerPlainDOT.h">
      <Filter>Header Files</Filter>
    </ClInclude>
    <ClInclude Include="CFileSerializerXGR.h">
      <Filter>Header Files</Filter>
    </ClInclude>
    <ClInclude Include="CFormatDOT.h">
      <Filter>Header Files</Filter>
    </ClInclude>
    <ClInclude Include="CFormatGraphML.h">
      <Filter>Header Files</Filter>
    </ClInclude>
    <ClInclude Include="CFormatPlainDOT.h">
      <Filter>Header Files</Filter>
    </ClInclude>
    <ClInclude Include="CGraphBase.h">
      <Filter>Header Files</Filter>
    </ClInclude>
    <ClInclude Include="CGraphInterface.h">
      <Filter>Header Files</Filter>
    </ClInclude>
    <ClInclude Include="CImageExport.h">
      <Filter>Header Files</Filter>
    </ClInclude>
    <ClInclude Include="CItem.h">
      <Filter>Header Files</Filter>
    </ClInclude>
    <ClInclude Include="CNode.h">
      <Filter>Header Files</Filter>
    </ClInclude>
    <ClInclude Include="CNodePort.h">
      <Filter>Header Files</Filter>
    </ClInclude>
    <ClInclude Include="CPDFExport.h">
      <Filter>Header Files</Filter>
    </ClInclude>
    <ClInclude Include="CPolyEdge.h">
      <Filter>Header Files</Filter>
    </ClInclude>
    <ClInclude Include="CSimpleUndoManager.h">
      <Filter>Header Files</Filter>
    </ClInclude>
    <ClInclude Include="CSVGExport.h">
      <Filter>Header Files</Filter>
    </ClInclude>
    <ClInclude Include="CUtils.h">
      <Filter>Header Files</Filter>
    </ClInclude>
    <ClInclude Include="IContextMenuProvider.h">
      <Filter>Header Files</Filter>
    </ClInclude>
    <ClInclude Include="IFileExport.h">
      <Filter>Header Files</Filter>
    </ClInclude>
    <ClInclude Include="IFileSerializer.h">
      <Filter>Header Files</Filter>
    </ClInclude>
    <ClInclude Include="IGraphInterface.h">
      <Filter>Header Files</Filter>
    </ClInclude>
    <ClInclude Include="IInteractive.h">
      <Filter>Header Files</Filter>
    </ClInclude>
    <ClInclude Include="ISceneEditController.h">
      <Filter>Header Files</Filter>
    </ClInclude>
    <ClInclude Include="ISceneItemFactory.h">
      <Filter>Header Files</Filter>
    </ClInclude>
    <ClInclude Include="ISceneMenuController.h">
      <Filter>Header Files</Filter>
    </ClInclude>
    <ClInclude Include="IUndoManager.h">
      <Filter>Header Files</Filter>
    </ClInclude>
    <ClInclude Include="Properties.h">
      <Filter>Header Files</Filter>
    </ClInclude>
  </ItemGroup>
  <ItemGroup>
    <QtMoc Include="CControlPoint.h">
      <Filter>Header Files</Filter>
    </QtMoc>
    <QtMoc Include="CEditorScene.h">
      <Filter>Header Files</Filter>
    </QtMoc>
    <QtMoc Include="CEditorView.h">
      <Filter>Header Files</Filter>
    </QtMoc>
    <QtMoc Include="CNodeSceneActions.h">
      <Filter>Header Files</Filter>
    </QtMoc>
    <QtMoc Include="CTextLabelEdit.h">
      <Filter>Header Files</Filter>
    </QtMoc>
    <QtMoc Include="CTransformRect.h">
      <Filter>Header Files</Filter>
    </QtMoc>
    <QtMoc Include="CNodeEditorScene.h">
      <Filter>Header Files</Filter>
    </QtMoc>
  </ItemGroup>
  <ItemGroup>
    <ClCompile Include="CAttribute.cpp">
      <Filter>Header Files\Source Files</Filter>
    </ClCompile>
    <ClCompile Include="CControlPoint.cpp">
      <Filter>Header Files\Source Files</Filter>
    </ClCompile>
    <ClCompile Include="CDiffUndoManager.cpp">
      <Filter>Header Files\Source Files</Filter>
    </ClCompile>
    <ClCompile Include="CDirectEdge.cpp">
      <Filter>Header Files\Source Files</Filter>
    </ClCompile>
    <ClCompile Include="CEdge.cpp">
      <Filter>Header Files\Source Files</Filter>
    </ClCompile>
    <ClCompile Include="CEditorScene.cpp">
      <Filter>Header Files\Source Files</Filter>
    </ClCompile>
    <ClCompile Include="CEditorScene_p.cpp">
      <Filter>Header Files\Source Files</Filter>
    </ClCompile>
    <ClCompile Include="CEditorSceneActions.cpp">
      <Filter>Header Files\Source Files</Filter>
    </ClCompile>
    <ClCompile Include="CEditorView.cpp">
      <Filter>Header Files\Source Files</Filter>
    </ClCompile>
    <ClCompile Include="CFileSerializerCSV.cpp">
      <Filter>Header Files\Source Files</Filter>
    </ClCompile>
    <ClCompile Include="CFileSerializerDOT.cpp">
      <Filter>Header Files\Source Files</Filter>
    </ClCompile>
    <ClCompile Include="CFileSerializerGEXF.cpp">
      <Filter>Header Files\Source Files</Filter>
    </ClCompile>
    <ClCompile Include="CFileSerializerGraphML.cpp">
      <Filter>Header Files\Source Files</Filter>
    </ClCompile>
    <ClCompile Include="CFileSerializerPlainDOT.cpp">
      <Filter>Header Files\Source Files</Filter>
    </ClCompile>
    <ClCompile Include="CFileSerializerXGR.cpp">
      <Filter>Header Files\Source Files</Filter>
    </ClCompile>
    <ClCompile Include="CFormatDOT.cpp">
      <Filter>Header Files\Source Files</Filter>
    </ClCompile>
    <ClCompile Include="CFormatGraphML.cpp">
      <Filter>Header Files\Source Files</Filter>
    </ClCompile>
    <ClCompile Include="CFormatPlainDOT.cpp">
      <Filter>Header Files\Source Files</Filter>
    </ClCompile>
    <ClCompile Include="CGraphBase.cpp">
      <Filter>Header Files\Source Files</Filter>
    </ClCompile>
    <ClCompile Include="CGraphInterface.cpp">
      <Filter>Header Files\Source Files</Filter>
    </ClCompile>
    <ClCompile Include="CImageExport.cpp">
      <Filter>Header Files\Source Files</Filter>
    </ClCompile>
    <ClCompile Include="CItem.cpp">
      <Filter>Header Files\Source Files</Filter>
    </ClCompile>
    <ClCompile Include="CNode.cpp">
      <Filter>Header Files\Source Files</Filter>
    </ClCompile>
    <ClCompile Include="CNodePort.cpp">
      <Filter>Header Files\Source Files</Filter>
    </ClCompile>
    <ClCompile Include="CNodeSceneActions.cpp">
      <Filter>Header Files\Source Files</Filter>
    </ClCompile>
    <ClCompile Include="CPDFExport.cpp">
      <Filter>Header Files\Source Files</Filter>
    </ClCompile>
    <ClCompile Include="CPolyEdge.cpp">
      <Filter>Header Files\Source Files</Filter>
    </ClCompile>
    <ClCompile Include="CSimpleUndoManager.cpp">
      <Filter>Header Files\Source Files</Filter>
    </ClCompile>
    <ClCompile Include="CSVGExport.cpp">
      <Filter>Header Files\Source Files</Filter>
    </ClCompile>
    <ClCompile Include="CTextLabelEdit.cpp">
      <Filter>Header Files\Source Files</Filter>
    </ClCompile>
    <ClCompile Include="CTransformRect.cpp">
      <Filter>Header Files\Source Files</Filter>
    </ClCompile>
    <ClCompile Include="CUtils.cpp">
      <Filter>Header Files\Source Files</Filter>
    </ClCompile>
    <ClCompile Include="CNodeEditorScene.cpp">
      <Filter>Header Files\Source Files</Filter>
    </ClCompile>
  </ItemGroup>
</Project>