
Microsoft Visual Studio Solution File, Format Version 12.00
# Visual Studio 15
VisualStudioVersion = 15.0.28307.1500
MinimumVisualStudioVersion = 10.0.40219.1
Project("{8BC9CEB8-8B4A-11D0-8D11-00A0C91BC942}") = "qsint-widgets", "3rdParty\qsint-widgets\qsint-widgets.vcxproj", "{6444C7EA-ADF6-3916-9E7B-BE1CDAEDE013}"
	ProjectSection(ProjectDependencies) = postProject
		{BDC01E0E-3340-45F7-AD2C-7709E24944D0} = {BDC01E0E-3340-45F7-AD2C-7709E24944D0}
		{6A14DD35-CECB-3E35-84A1-AA9F30EFB46D} = {6A14DD35-CECB-3E35-84A1-AA9F30EFB46D}
		{B277963D-2E7D-34D7-8698-03C537411A7D} = {B277963D-2E7D-34D7-8698-03C537411A7D}
		{A98051A3-40E1-3C3A-9987-5C2F8CC28B23} = {A98051A3-40E1-3C3A-9987-5C2F8CC28B23}
		{4B6682A9-0FCA-42F7-878E-0B1F0F64A0F9} = {4B6682A9-0FCA-42F7-878E-0B1F0F64A0F9}
	EndProjectSection
EndProject
Project("{8BC9CEB8-8B4A-11D0-8D11-00A0C91BC942}") = "qtpropertybrowser", "3rdParty\qtpropertybrowser\qtpropertybrowser.vcxproj", "{A98051A3-40E1-3C3A-9987-5C2F8CC28B23}"
EndProject
Project("{8BC9CEB8-8B4A-11D0-8D11-00A0C91BC942}") = "main", "main\main.vcxproj", "{56E8B0EE-F2F5-4F0B-BC74-D6BD1C2C0E1A}"
	ProjectSection(ProjectDependencies) = postProject
		{BDC01E0E-3340-45F7-AD2C-7709E24944D0} = {BDC01E0E-3340-45F7-AD2C-7709E24944D0}
		{6A14DD35-CECB-3E35-84A1-AA9F30EFB46D} = {6A14DD35-CECB-3E35-84A1-AA9F30EFB46D}
		{B277963D-2E7D-34D7-8698-03C537411A7D} = {B277963D-2E7D-34D7-8698-03C537411A7D}
		{A98051A3-40E1-3C3A-9987-5C2F8CC28B23} = {A98051A3-40E1-3C3A-9987-5C2F8CC28B23}
		{4B6682A9-0FCA-42F7-878E-0B1F0F64A0F9} = {4B6682A9-0FCA-42F7-878E-0B1F0F64A0F9}
		{6444C7EA-ADF6-3916-9E7B-BE1CDAEDE013} = {6444C7EA-ADF6-3916-9E7B-BE1CDAEDE013}
	EndProjectSection
EndProject
Project("{8BC9CEB8-8B4A-11D0-8D11-00A0C91BC942}") = "commonmoduels", "common\commonmoduels\commonmoduels.vcxproj", "{6A14DD35-CECB-3E35-84A1-AA9F30EFB46D}"
EndProject
Project("{8BC9CEB8-8B4A-11D0-8D11-00A0C91BC942}") = "commonui", "common\commonui\commonui.vcxproj", "{B277963D-2E7D-34D7-8698-03C537411A7D}"
	ProjectSection(ProjectDependencies) = postProject
		{BDC01E0E-3340-45F7-AD2C-7709E24944D0} = {BDC01E0E-3340-45F7-AD2C-7709E24944D0}
	EndProjectSection
EndProject
Project("{8BC9CEB8-8B4A-11D0-8D11-00A0C91BC942}") = "appmoduels", "app\appmoduels\appmoduels.vcxproj", "{4B6682A9-0FCA-42F7-878E-0B1F0F64A0F9}"
EndProject
Project("{8BC9CEB8-8B4A-11D0-8D11-00A0C91BC942}") = "appui", "app\appui\appui.vcxproj", "{BDC01E0E-3340-45F7-AD2C-7709E24944D0}"
	ProjectSection(ProjectDependencies) = postProject
		{4B6682A9-0FCA-42F7-878E-0B1F0F64A0F9} = {4B6682A9-0FCA-42F7-878E-0B1F0F64A0F9}
	EndProjectSection
EndProject
Global
	GlobalSection(SolutionConfigurationPlatforms) = preSolution
		Debug|x64 = Debug|x64
		Release|x64 = Release|x64
	EndGlobalSection
	GlobalSection(ProjectConfigurationPlatforms) = postSolution
		{6444C7EA-ADF6-3916-9E7B-BE1CDAEDE013}.Debug|x64.ActiveCfg = Debug|x64
		{6444C7EA-ADF6-3916-9E7B-BE1CDAEDE013}.Debug|x64.Build.0 = Debug|x64
		{6444C7EA-ADF6-3916-9E7B-BE1CDAEDE013}.Release|x64.ActiveCfg = Release|x64
		{6444C7EA-ADF6-3916-9E7B-BE1CDAEDE013}.Release|x64.Build.0 = Release|x64
		{A98051A3-40E1-3C3A-9987-5C2F8CC28B23}.Debug|x64.ActiveCfg = Debug|x64
		{A98051A3-40E1-3C3A-9987-5C2F8CC28B23}.Debug|x64.Build.0 = Debug|x64
		{A98051A3-40E1-3C3A-9987-5C2F8CC28B23}.Release|x64.ActiveCfg = Release|x64
		{A98051A3-40E1-3C3A-9987-5C2F8CC28B23}.Release|x64.Build.0 = Release|x64
		{56E8B0EE-F2F5-4F0B-BC74-D6BD1C2C0E1A}.Debug|x64.ActiveCfg = Debug|x64
		{56E8B0EE-F2F5-4F0B-BC74-D6BD1C2C0E1A}.Debug|x64.Build.0 = Debug|x64
		{56E8B0EE-F2F5-4F0B-BC74-D6BD1C2C0E1A}.Release|x64.ActiveCfg = Release|x64
		{56E8B0EE-F2F5-4F0B-BC74-D6BD1C2C0E1A}.Release|x64.Build.0 = Release|x64
		{6A14DD35-CECB-3E35-84A1-AA9F30EFB46D}.Debug|x64.ActiveCfg = Debug|x64
		{6A14DD35-CECB-3E35-84A1-AA9F30EFB46D}.Debug|x64.Build.0 = Debug|x64
		{6A14DD35-CECB-3E35-84A1-AA9F30EFB46D}.Release|x64.ActiveCfg = Release|x64
		{6A14DD35-CECB-3E35-84A1-AA9F30EFB46D}.Release|x64.Build.0 = Release|x64
		{B277963D-2E7D-34D7-8698-03C537411A7D}.Debug|x64.ActiveCfg = Debug|x64
		{B277963D-2E7D-34D7-8698-03C537411A7D}.Debug|x64.Build.0 = Debug|x64
		{B277963D-2E7D-34D7-8698-03C537411A7D}.Release|x64.ActiveCfg = Release|x64
		{B277963D-2E7D-34D7-8698-03C537411A7D}.Release|x64.Build.0 = Release|x64
		{4B6682A9-0FCA-42F7-878E-0B1F0F64A0F9}.Debug|x64.ActiveCfg = Debug|x64
		{4B6682A9-0FCA-42F7-878E-0B1F0F64A0F9}.Debug|x64.Build.0 = Debug|x64
		{4B6682A9-0FCA-42F7-878E-0B1F0F64A0F9}.Release|x64.ActiveCfg = Release|x64
		{4B6682A9-0FCA-42F7-878E-0B1F0F64A0F9}.Release|x64.Build.0 = Release|x64
		{BDC01E0E-3340-45F7-AD2C-7709E24944D0}.Debug|x64.ActiveCfg = Debug|x64
		{BDC01E0E-3340-45F7-AD2C-7709E24944D0}.Debug|x64.Build.0 = Debug|x64
		{BDC01E0E-3340-45F7-AD2C-7709E24944D0}.Release|x64.ActiveCfg = Release|x64
		{BDC01E0E-3340-45F7-AD2C-7709E24944D0}.Release|x64.Build.0 = Release|x64
	EndGlobalSection
	GlobalSection(SolutionProperties) = preSolution
		HideSolutionNode = FALSE
	EndGlobalSection
	GlobalSection(ExtensibilityGlobals) = postSolution
		SolutionGuid = {A7A70C19-936B-49F5-BCE9-6168BB3C1346}
	EndGlobalSection
EndGlobal
