<?xml version="1.0" encoding="utf-8"?>
<Project xmlns="http://schemas.microsoft.com/developer/msbuild/2003">
  <ItemGroup>
    <Filter Include="Form Files">
      <UniqueIdentifier>{99349809-55BA-4b9d-BF79-8FDBB0286EB3}</UniqueIdentifier>
      <Extensions>ui</Extensions>
      <ParseFiles>false</ParseFiles>
    </Filter>
    <Filter Include="Form Files">
      <UniqueIdentifier>{99349809-55BA-4b9d-BF79-8FDBB0286EB3}</UniqueIdentifier>
      <Extensions>ui</Extensions>
      <ParseFiles>false</ParseFiles>
    </Filter>
    <Filter Include="Generated Files">
      <UniqueIdentifier>{71ED8ED8-ACB9-4CE9-BBE1-E00B30144E11}</UniqueIdentifier>
      <Extensions>cpp;c;cxx;moc;h;def;odl;idl;res;</Extensions>
    </Filter>
    <Filter Include="Generated Files">
      <UniqueIdentifier>{71ED8ED8-ACB9-4CE9-BBE1-E00B30144E11}</UniqueIdentifier>
      <Extensions>cpp;c;cxx;moc;h;def;odl;idl;res;</Extensions>
    </Filter>
    <Filter Include="Header Files">
      <UniqueIdentifier>{93995380-89BD-4b04-88EB-625FBE52EBFB}</UniqueIdentifier>
      <Extensions>h;hpp;hxx;hm;inl;inc;xsd</Extensions>
    </Filter>
    <Filter Include="Header Files">
      <UniqueIdentifier>{93995380-89BD-4b04-88EB-625FBE52EBFB}</UniqueIdentifier>
      <Extensions>h;hpp;hxx;hm;inl;inc;xsd</Extensions>
    </Filter>
    <Filter Include="Resource Files">
      <UniqueIdentifier>{D9D6E242-F8AF-46E4-B9FD-80ECBC20BA3E}</UniqueIdentifier>
      <Extensions>qrc;*</Extensions>
      <ParseFiles>false</ParseFiles>
    </Filter>
    <Filter Include="Resource Files">
      <UniqueIdentifier>{D9D6E242-F8AF-46E4-B9FD-80ECBC20BA3E}</UniqueIdentifier>
      <Extensions>qrc;*</Extensions>
      <ParseFiles>false</ParseFiles>
    </Filter>
    <Filter Include="Source Files">
      <UniqueIdentifier>{4FC737F1-C7A5-4376-A066-2A32D752A2FF}</UniqueIdentifier>
      <Extensions>cpp;c;cxx;def;odl;idl;hpj;bat;asm;asmx</Extensions>
    </Filter>
    <Filter Include="Source Files">
      <UniqueIdentifier>{4FC737F1-C7A5-4376-A066-2A32D752A2FF}</UniqueIdentifier>
      <Extensions>cpp;c;cxx;def;odl;idl;hpj;bat;asm;asmx</Extensions>
    </Filter>
  </ItemGroup>
  <ItemGroup>
    <ClCompile Include="CAttributesEditorUI.cpp">
      <Filter>Source Files</Filter>
    </ClCompile>
    <ClCompile Include="CClassAttributesEditorUI.cpp">
      <Filter>Source Files</Filter>
    </ClCompile>
    <ClCompile Include="CColorSchemesUIController.cpp">
      <Filter>Source Files</Filter>
    </ClCompile>
    <ClCompile Include="CCommutationTable.cpp">
      <Filter>Source Files</Filter>
    </ClCompile>
    <ClCompile Include="CExtListInputDialog.cpp">
      <Filter>Source Files</Filter>
    </ClCompile>
    <ClCompile Include="gvgraph\CGVGraphLayoutUIController.cpp">
      <Filter>Source Files</Filter>
    </ClCompile>
    <ClCompile Include="CNewAttributeDialog.cpp">
      <Filter>Source Files</Filter>
    </ClCompile>
    <ClCompile Include="CNodeEdgePropertiesUI.cpp">
      <Filter>Source Files</Filter>
    </ClCompile>
    <ClCompile Include="CNodeEditorUIController.cpp">
      <Filter>Source Files</Filter>
    </ClCompile>
    <ClCompile Include="CNodePortEditorDialog.cpp">
      <Filter>Source Files</Filter>
    </ClCompile>
    <ClCompile Include="CNodesFactorDialog.cpp">
      <Filter>Source Files</Filter>
    </ClCompile>
    <ClCompile Include="CPropertyEditorUIBase.cpp">
      <Filter>Source Files</Filter>
    </ClCompile>
    <ClCompile Include="CQuickHelpUI.cpp">
      <Filter>Source Files</Filter>
    </ClCompile>
    <ClCompile Include="CSceneMenuUIController.cpp">
      <Filter>Source Files</Filter>
    </ClCompile>
    <ClCompile Include="CSceneOptionsDialog.cpp">
      <Filter>Source Files</Filter>
    </ClCompile>
    <ClCompile Include="CSearchDialog.cpp">
      <Filter>Source Files</Filter>
    </ClCompile>
    <ClCompile Include="highlighter.cpp">
      <Filter>Source Files</Filter>
    </ClCompile>
    <ClCompile Include="CCreateTreeDialog.cpp">
      <Filter>Source Files</Filter>
    </ClCompile>
    <ClCompile Include="CCSVImportDialog.cpp">
      <Filter>Source Files</Filter>
    </ClCompile>
    <ClCompile Include="CDOTExportDialog.cpp">
      <Filter>Source Files</Filter>
    </ClCompile>
    <ClCompile Include="CEasyTableWidget.cpp">
      <Filter>Source Files</Filter>
    </ClCompile>
    <ClCompile Include="CImageExportDialog.cpp">
      <Filter>Source Files</Filter>
    </ClCompile>
    <ClCompile Include="CImportExportUIController.cpp">
      <Filter>Source Files</Filter>
    </ClCompile>
    <ClCompile Include="painterDemo.cpp">
      <Filter>Source Files</Filter>
    </ClCompile>
    <ClCompile Include="CMainWindow.cpp">
      <Filter>Source Files</Filter>
    </ClCompile>
    <ClCompile Include="CPlatformServices.cpp">
      <Filter>Source Files</Filter>
    </ClCompile>
    <ClCompile Include="CPlatformWin32.cpp">
      <Filter>Source Files</Filter>
    </ClCompile>
  </ItemGroup>
  <ItemGroup>
    <QtMoc Include="CAttributesEditorUI.h">
      <Filter>Header Files</Filter>
    </QtMoc>
    <QtMoc Include="CClassAttributesEditorUI.h">
      <Filter>Header Files</Filter>
    </QtMoc>
    <QtMoc Include="CColorSchemesUIController.h">
      <Filter>Header Files</Filter>
    </QtMoc>
    <QtMoc Include="CCommutationTable.h">
      <Filter>Header Files</Filter>
    </QtMoc>
    <QtMoc Include="CExtListInputDialog.h">
      <Filter>Header Files</Filter>
    </QtMoc>
    <QtMoc Include="gvgraph\CGVGraphLayoutUIController.h">
      <Filter>Header Files</Filter>
    </QtMoc>
    <QtMoc Include="CNewAttributeDialog.h">
      <Filter>Header Files</Filter>
    </QtMoc>
    <QtMoc Include="CNodeEdgePropertiesUI.h">
      <Filter>Header Files</Filter>
    </QtMoc>
    <QtMoc Include="CNodeEditorUIController.h">
      <Filter>Header Files</Filter>
    </QtMoc>
    <QtMoc Include="CNodePortEditorDialog.h">
      <Filter>Header Files</Filter>
    </QtMoc>
    <QtMoc Include="CNodesFactorDialog.h">
      <Filter>Header Files</Filter>
    </QtMoc>
    <QtMoc Include="CPropertyEditorUIBase.h">
      <Filter>Header Files</Filter>
    </QtMoc>
    <QtMoc Include="CQuickHelpUI.h">
      <Filter>Header Files</Filter>
    </QtMoc>
    <QtMoc Include="CSceneMenuUIController.h">
      <Filter>Header Files</Filter>
    </QtMoc>
    <QtMoc Include="CSceneOptionsDialog.h">
      <Filter>Header Files</Filter>
    </QtMoc>
    <QtMoc Include="CSearchDialog.h">
      <Filter>Header Files</Filter>
    </QtMoc>
    <QtMoc Include="highlighter.h">
      <Filter>Header Files</Filter>
    </QtMoc>
    <QtMoc Include="CCreateTreeDialog.h">
      <Filter>Header Files</Filter>
    </QtMoc>
    <QtMoc Include="CCSVImportDialog.h">
      <Filter>Header Files</Filter>
    </QtMoc>
    <QtMoc Include="CDOTExportDialog.h">
      <Filter>Header Files</Filter>
    </QtMoc>
    <QtMoc Include="CImageExportDialog.h">
      <Filter>Header Files</Filter>
    </QtMoc>
    <QtMoc Include="CImportExportUIController.h">
      <Filter>Header Files</Filter>
    </QtMoc>
    <QtMoc Include="painterDemo.h">
      <Filter>Header Files</Filter>
    </QtMoc>
    <QtMoc Include="CMainWindow.h">
      <Filter>Header Files</Filter>
    </QtMoc>
  </ItemGroup>
  <ItemGroup>
    <CustomBuild Include="debug\moc_predefs.h.cbt">
      <Filter>Generated Files</Filter>
    </CustomBuild>
  </ItemGroup>
  <ItemGroup>
    <QtUic Include="CAttributesEditorUI.ui">
      <Filter>Form Files</Filter>
    </QtUic>
    <QtUic Include="CClassAttributesEditorUI.ui">
      <Filter>Form Files</Filter>
    </QtUic>
    <QtUic Include="CCommutationTable.ui">
      <Filter>Form Files</Filter>
    </QtUic>
    <QtUic Include="CExtListInputDialog.ui">
      <Filter>Form Files</Filter>
    </QtUic>
    <QtUic Include="CNewAttributeDialog.ui">
      <Filter>Form Files</Filter>
    </QtUic>
    <QtUic Include="CNodeEdgePropertiesUI.ui">
      <Filter>Form Files</Filter>
    </QtUic>
    <QtUic Include="CNodePortEditorDialog.ui">
      <Filter>Form Files</Filter>
    </QtUic>
    <QtUic Include="CNodesFactorDialog.ui">
      <Filter>Form Files</Filter>
    </QtUic>
    <QtUic Include="CQuickHelpUI.ui">
      <Filter>Form Files</Filter>
    </QtUic>
    <QtUic Include="CSceneOptionsDialog.ui">
      <Filter>Form Files</Filter>
    </QtUic>
    <QtUic Include="CSearchDialog.ui">
      <Filter>Form Files</Filter>
    </QtUic>
    <QtUic Include="CLinklistEditorUI.ui">
      <Filter>Form Files</Filter>
    </QtUic>
    <QtUic Include="QtWidgetsClass.ui">
      <Filter>Form Files</Filter>
    </QtUic>
    <QtUic Include="CCreateTreeDialog.ui">
      <Filter>Form Files</Filter>
    </QtUic>
    <QtUic Include="CCSVImportDialog.ui">
      <Filter>Form Files</Filter>
    </QtUic>
    <QtUic Include="CDOTExportDialog.ui">
      <Filter>Form Files</Filter>
    </QtUic>
    <QtUic Include="CImageExportDialog.ui">
      <Filter>Form Files</Filter>
    </QtUic>
    <QtUic Include="painterDemo.ui">
      <Filter>Form Files</Filter>
    </QtUic>
  </ItemGroup>
  <ItemGroup>
    <None Include="Icons\Action-Crop.png">
      <Filter>Resource Files</Filter>
    </None>
    <None Include="Icons\Action-Link.png">
      <Filter>Resource Files</Filter>
    </None>
    <None Include="Icons\Action-Unlink.png">
      <Filter>Resource Files</Filter>
    </None>
    <None Include="Icons\Direction-Both.png">
      <Filter>Resource Files</Filter>
    </None>
    <None Include="Icons\Direction-None.png">
      <Filter>Resource Files</Filter>
    </None>
    <None Include="Icons\Direction-One.png">
      <Filter>Resource Files</Filter>
    </None>
    <None Include="Icons\Edge-Direct.png">
      <Filter>Resource Files</Filter>
    </None>
    <None Include="Icons\Edge-Polyline.png">
      <Filter>Resource Files</Filter>
    </None>
    <None Include="Icons\Format-DOT.png">
      <Filter>Resource Files</Filter>
    </None>
    <None Include="Icons\Format-GEXF.png">
      <Filter>Resource Files</Filter>
    </None>
    <None Include="Icons\Format-GraphML.png">
      <Filter>Resource Files</Filter>
    </None>
    <None Include="Icons\Format-PDF.png">
      <Filter>Resource Files</Filter>
    </None>
    <None Include="Icons\Graph.png">
      <Filter>Resource Files</Filter>
    </None>
    <None Include="Icons\Grid-Snap.png">
      <Filter>Resource Files</Filter>
    </None>
    <None Include="Icons\Grid.png">
      <Filter>Resource Files</Filter>
    </None>
    <None Include="Icons\Mode-AddNodes.png">
      <Filter>Resource Files</Filter>
    </None>
    <None Include="Icons\Mode-Factor.png">
      <Filter>Resource Files</Filter>
    </None>
    <None Include="Icons\Mode-Select.png">
      <Filter>Resource Files</Filter>
    </None>
    <None Include="Icons\Mode-Transform.png">
      <Filter>Resource Files</Filter>
    </None>
    <None Include="Icons\Node-Hexagon.png">
      <Filter>Resource Files</Filter>
    </None>
    <None Include="Icons\Node-Romb.png">
      <Filter>Resource Files</Filter>
    </None>
    <None Include="Icons\Node-Round.png">
      <Filter>Resource Files</Filter>
    </None>
    <None Include="Icons\Node-Square.png">
      <Filter>Resource Files</Filter>
    </None>
    <None Include="Icons\Node-Triangle-Down.png">
      <Filter>Resource Files</Filter>
    </None>
    <None Include="Icons\Node-Triangle.png">
      <Filter>Resource Files</Filter>
    </None>
    <None Include="Icons\Scroll-Navigator.png">
      <Filter>Resource Files</Filter>
    </None>
    <None Include="Icons\Search.png">
      <Filter>Resource Files</Filter>
    </None>
    <None Include="Icons\Settings.png">
      <Filter>Resource Files</Filter>
    </None>
    <None Include="..\appbase\Icons\action-delete.png">
      <Filter>Resource Files</Filter>
    </None>
    <None Include="Icons\addtree.png">
      <Filter>Resource Files</Filter>
    </None>
    <None Include="..\appbase\Icons\document-export.png">
      <Filter>Resource Files</Filter>
    </None>
    <None Include="..\appbase\Icons\document-new.png">
      <Filter>Resource Files</Filter>
    </None>
    <None Include="..\appbase\Icons\document-open.png">
      <Filter>Resource Files</Filter>
    </None>
    <None Include="..\appbase\Icons\document-print.png">
      <Filter>Resource Files</Filter>
    </None>
    <None Include="..\appbase\Icons\document-save.png">
      <Filter>Resource Files</Filter>
    </None>
    <None Include="Icons\edit-copy.png">
      <Filter>Resource Files</Filter>
    </None>
    <None Include="Icons\edit-cut.png">
      <Filter>Resource Files</Filter>
    </None>
    <None Include="Icons\edit-delete.png">
      <Filter>Resource Files</Filter>
    </None>
    <None Include="Icons\edit-paste.png">
      <Filter>Resource Files</Filter>
    </None>
    <None Include="Icons\edit-redo.png">
      <Filter>Resource Files</Filter>
    </None>
    <None Include="Icons\edit-undo.png">
      <Filter>Resource Files</Filter>
    </None>
    <None Include="Icons\text-label.png">
      <Filter>Resource Files</Filter>
    </None>
    <None Include="Icons\zoom-fit-items.png">
      <Filter>Resource Files</Filter>
    </None>
    <None Include="Icons\zoom-fit-selection.png">
      <Filter>Resource Files</Filter>
    </None>
    <None Include="Icons\zoom-in.png">
      <Filter>Resource Files</Filter>
    </None>
    <None Include="Icons\zoom-original.png">
      <Filter>Resource Files</Filter>
    </None>
    <None Include="Icons\zoom-out.png">
      <Filter>Resource Files</Filter>
    </None>
    <None Include="Icons\zoom-previous.png">
      <Filter>Resource Files</Filter>
    </None>
    <None Include="Icons\zoom.png">
      <Filter>Resource Files</Filter>
    </None>
    <None Include="ClassDiagram.cd" />
  </ItemGroup>
  <ItemGroup>
    <ClInclude Include="CEasyTableWidget.h">
      <Filter>Header Files</Filter>
    </ClInclude>
    <ClInclude Include="CPlatformServices.h">
      <Filter>Header Files</Filter>
    </ClInclude>
    <ClInclude Include="CPlatformWin32.h">
      <Filter>Header Files</Filter>
    </ClInclude>
  </ItemGroup>
  <ItemGroup>
    <Image Include="Icons\back.png">
      <Filter>Resource Files</Filter>
    </Image>
    <Image Include="Icons\go.png">
      <Filter>Resource Files</Filter>
    </Image>
    <Image Include="Icons\gotobegin.png">
      <Filter>Resource Files</Filter>
    </Image>
    <Image Include="Icons\gotoend.png">
      <Filter>Resource Files</Filter>
    </Image>
    <Image Include="Icons\play.png">
      <Filter>Resource Files</Filter>
    </Image>
    <Image Include="Icons\suspend.png">
      <Filter>Resource Files</Filter>
    </Image>
  </ItemGroup>
  <ItemGroup>
    <QtRcc Include="commonui.qrc">
      <Filter>Resource Files</Filter>
    </QtRcc>
    <QtRcc Include="appbase.qrc">
      <Filter>Resource Files</Filter>
    </QtRcc>
  </ItemGroup>
</Project>